
Microsoft Visual Studio Solution File, Format Version 12.00
# Visual Studio Version 16
VisualStudioVersion = 16.0.33328.57
MinimumVisualStudioVersion = 10.0.40219.1
Project("{FAE04EC0-301F-11D3-BF4B-00C04F79EFBC}") = "dz_09.03", "dz_09.03\dz_09.03.csproj", "{2D107E4C-BF8B-4748-AE2E-E8EB2F7138D7}"
EndProject
Global
	GlobalSection(SolutionConfigurationPlatforms) = preSolution
		Debug|Any CPU = Debug|Any CPU
		Release|Any CPU = Release|Any CPU
	EndGlobalSection
	GlobalSection(ProjectConfigurationPlatforms) = postSolution
		{2D107E4C-BF8B-4748-AE2E-E8EB2F7138D7}.Debug|Any CPU.ActiveCfg = Debug|Any CPU
		{2D107E4C-BF8B-4748-AE2E-E8EB2F7138D7}.Debug|Any CPU.Build.0 = Debug|Any CPU
		{2D107E4C-BF8B-4748-AE2E-E8EB2F7138D7}.Release|Any CPU.ActiveCfg = Release|Any CPU
		{2D107E4C-BF8B-4748-AE2E-E8EB2F7138D7}.Release|Any CPU.Build.0 = Release|Any CPU
	EndGlobalSection
	GlobalSection(SolutionProperties) = preSolution
		HideSolutionNode = FALSE
	EndGlobalSection
	GlobalSection(ExtensibilityGlobals) = postSolution
		SolutionGuid = {5B3CAC38-EE47-46A7-A623-8B4875413D1C}
	EndGlobalSection
EndGlobal
